<?xml version="1.0" encoding="UTF-8" standalone="yes" ?>
<CodeBlocks_project_file>
	<FileVersion major="1" minor="6" />
	<Project>
		<Option title="DLoader" />
		<Option pch_mode="2" />
		<Option compiler="gcc" />
		<Build>
			<Target title="Debug">
				<Option output="bin/DLoader" prefix_auto="1" extension_auto="1" />
				<Option object_output="obj/Debug/" />
				<Option type="1" />
				<Option compiler="gcc" />
				<Compiler>
					<Add option="-g" />
					<Add option="-pthread" />
					<Add directory="include" />
				</Compiler>
				<Linker>
					<Add option="-pthread -lrt" />
				</Linker>
			</Target>
			<Target title="Release">
				<Option output="bin/DLoader" prefix_auto="1" extension_auto="1" />
				<Option object_output="obj/Release/" />
				<Option type="1" />
				<Option compiler="gcc" />
				<Compiler>
					<Add option="-O2" />
					<Add option="-pthread" />
					<Add directory="include" />
				</Compiler>
				<Linker>
					<Add option="-s" />
					<Add option="-pthread -lrt -static" />
				</Linker>
			</Target>
		</Build>
		<Compiler>
			<Add option="-Wall" />
			<Add option="-fexceptions" />
		</Compiler>
		<Unit filename="Mempool/dlmalloc.c">
			<Option compilerVar="CC" />
		</Unit>
		<Unit filename="Mempool/dlmalloc.h" />
		<Unit filename="include/BMAFImp.h" />
		<Unit filename="include/BMAGlobal.h" />
		<Unit filename="include/BMFile.h" />
		<Unit filename="include/BMFileImpl.h" />
		<Unit filename="include/BinPack.h" />
		<Unit filename="include/BootModeIntegOpr.h" />
		<Unit filename="include/BootModeObj.h" />
		<Unit filename="include/BootModeObject.h" />
		<Unit filename="include/BootModeOpr.h" />
		<Unit filename="include/BootModeitf.h" />
		<Unit filename="include/BootParamDef.h" />
		<Unit filename="include/Calibration.h" />
		<Unit filename="include/Calibration_Struct.h" />
		<Unit filename="include/DLoader.h" />
		<Unit filename="include/ExePathHelper.h" />
		<Unit filename="include/Global.h" />
		<Unit filename="include/ICommChannel.h" />
		<Unit filename="include/ISpLog.h" />
		<Unit filename="include/MasterImgGen.h" />
		<Unit filename="include/MemoryMgr.h" />
		<Unit filename="include/OptionHelpper.h" />
		<Unit filename="include/PhaseCheckBuild.h" />
		<Unit filename="include/ProcMonitor.h" />
		<Unit filename="include/Settings.h" />
		<Unit filename="include/SpLog.h" />
		<Unit filename="include/TTYComm.h" />
		<Unit filename="include/TTYComm2.h" />
		<Unit filename="include/Test.h" />
		<Unit filename="include/XRandom.h" />
		<Unit filename="include/XmlConfigParse.h" />
		<Unit filename="include/bmpacket.h" />
		<Unit filename="include/confile.h" />
		<Unit filename="include/crc.h" />
		<Unit filename="include/crc16.h" />
		<Unit filename="include/sprd_def.h" />
		<Unit filename="include/tinystr.h" />
		<Unit filename="include/tinyxml.h" />
		<Unit filename="include/typedef.h" />
		<Unit filename="main.cpp" />
		<Unit filename="src/BMAFImp.cpp" />
		<Unit filename="src/BMFileImpl.cpp" />
		<Unit filename="src/BinPack.cpp" />
		<Unit filename="src/BootModeIntegOpr.cpp" />
		<Unit filename="src/BootModeObj.cpp" />
		<Unit filename="src/BootModeObject.cpp" />
		<Unit filename="src/BootModeOpr.cpp" />
		<Unit filename="src/CTest.cpp" />
		<Unit filename="src/Calibration.cpp" />
		<Unit filename="src/DLoader.cpp" />
		<Unit filename="src/MasterImgGen.cpp" />
		<Unit filename="src/MemoryMgr.cpp" />
		<Unit filename="src/OptionHelpper.cpp" />
		<Unit filename="src/PhaseCheckBuild.cpp" />
		<Unit filename="src/ProcMonitor.cpp" />
		<Unit filename="src/Settings.cpp" />
		<Unit filename="src/SpLog.cpp" />
		<Unit filename="src/TTYComm.cpp" />
		<Unit filename="src/TTYComm2.cpp" />
		<Unit filename="src/XRandom.cpp" />
		<Unit filename="src/XmlConfigParse.cpp" />
		<Unit filename="src/bmpacket.c">
			<Option compilerVar="CC" />
		</Unit>
		<Unit filename="src/confile.c">
			<Option compilerVar="CC" />
		</Unit>
		<Unit filename="src/crc.c">
			<Option compilerVar="CC" />
		</Unit>
		<Unit filename="src/crc16.c">
			<Option compilerVar="CC" />
		</Unit>
		<Unit filename="src/tinystr.cpp" />
		<Unit filename="src/tinyxml.cpp" />
		<Unit filename="src/tinyxmlerror.cpp" />
		<Unit filename="src/tinyxmlparser.cpp" />
		<Unit filename="src/typedef.cpp" />
		<Extensions>
			<code_completion />
			<debugger />
		</Extensions>
	</Project>
</CodeBlocks_project_file>
